// !$*UTF8*$!
{
	archiveVersion = 1;
	classes = {
	};
	objectVersion = 50;
	objects = {

/* Begin PBXBuildFile section */
		D73D76ED21C3F821003EF1F0 /* AppDelegate.swift in Sources */ = {isa = PBXBuildFile; fileRef = D73D76EC21C3F821003EF1F0 /* AppDelegate.swift */; };
		D73D76EF21C3F821003EF1F0 /* BuildsViewController.swift in Sources */ = {isa = PBXBuildFile; fileRef = D73D76EE21C3F821003EF1F0 /* BuildsViewController.swift */; };
		D73D76F421C3F822003EF1F0 /* Assets.xcassets in Resources */ = {isa = PBXBuildFile; fileRef = D73D76F321C3F822003EF1F0 /* Assets.xcassets */; };
		D73D76F721C3F822003EF1F0 /* LaunchScreen.storyboard in Resources */ = {isa = PBXBuildFile; fileRef = D73D76F521C3F822003EF1F0 /* LaunchScreen.storyboard */; };
		D73D76FF21C3F853003EF1F0 /* TravisService.swift in Sources */ = {isa = PBXBuildFile; fileRef = D73D76FE21C3F853003EF1F0 /* TravisService.swift */; };
		D73D770221C3FB94003EF1F0 /* PromiseKit.framework in Frameworks */ = {isa = PBXBuildFile; fileRef = D73D770121C3FB94003EF1F0 /* PromiseKit.framework */; };
		D7C79C4F21C42D74005BAAA5 /* JobsViewController.swift in Sources */ = {isa = PBXBuildFile; fileRef = D7C79C4E21C42D74005BAAA5 /* JobsViewController.swift */; };
/* End PBXBuildFile section */

/* Begin PBXFileReference section */
		D73D76E921C3F821003EF1F0 /* BuildTracker.app */ = {isa = PBXFileReference; explicitFileType = wrapper.application; includeInIndex = 0; path = BuildTracker.app; sourceTree = BUILT_PRODUCTS_DIR; };
		D73D76EC21C3F821003EF1F0 /* AppDelegate.swift */ = {isa = PBXFileReference; lastKnownFileType = sourcecode.swift; path = AppDelegate.swift; sourceTree = "<group>"; };
		D73D76EE21C3F821003EF1F0 /* BuildsViewController.swift */ = {isa = PBXFileReference; lastKnownFileType = sourcecode.swift; path = BuildsViewController.swift; sourceTree = "<group>"; };
		D73D76F321C3F822003EF1F0 /* Assets.xcassets */ = {isa = PBXFileReference; lastKnownFileType = folder.assetcatalog; path = Assets.xcassets; sourceTree = "<group>"; };
		D73D76F621C3F822003EF1F0 /* Base */ = {isa = PBXFileReference; lastKnownFileType = file.storyboard; name = Base; path = Base.lproj/LaunchScreen.storyboard; sourceTree = "<group>"; };
		D73D76F821C3F822003EF1F0 /* Info.plist */ = {isa = PBXFileReference; lastKnownFileType = text.plist.xml; path = Info.plist; sourceTree = "<group>"; };
		D73D76FE21C3F853003EF1F0 /* TravisService.swift */ = {isa = PBXFileReference; lastKnownFileType = sourcecode.swift; path = TravisService.swift; sourceTree = "<group>"; };
		D73D770121C3FB94003EF1F0 /* PromiseKit.framework */ = {isa = PBXFileReference; lastKnownFileType = wrapper.framework; name = PromiseKit.framework; path = Carthage/Build/iOS/PromiseKit.framework; sourceTree = "<group>"; };
		D7C79C4E21C42D74005BAAA5 /* JobsViewController.swift */ = {isa = PBXFileReference; lastKnownFileType = sourcecode.swift; path = JobsViewController.swift; sourceTree = "<group>"; };
/* End PBXFileReference section */

/* Begin PBXFrameworksBuildPhase section */
		D73D76E621C3F821003EF1F0 /* Frameworks */ = {
			isa = PBXFrameworksBuildPhase;
			buildActionMask = 2147483647;
			files = (
				D73D770221C3FB94003EF1F0 /* PromiseKit.framework in Frameworks */,
			);
			runOnlyForDeploymentPostprocessing = 0;
		};
/* End PBXFrameworksBuildPhase section */

/* Begin PBXGroup section */
		D73D76E021C3F821003EF1F0 = {
			isa = PBXGroup;
			children = (
				D73D76EB21C3F821003EF1F0 /* BuildTracker */,
				D73D76EA21C3F821003EF1F0 /* Products */,
				D73D770021C3FB94003EF1F0 /* Frameworks */,
			);
			sourceTree = "<group>";
		};
		D73D76EA21C3F821003EF1F0 /* Products */ = {
			isa = PBXGroup;
			children = (
				D73D76E921C3F821003EF1F0 /* BuildTracker.app */,
			);
			name = Products;
			sourceTree = "<group>";
		};
		D73D76EB21C3F821003EF1F0 /* BuildTracker */ = {
			isa = PBXGroup;
			children = (
				D73D76EC21C3F821003EF1F0 /* AppDelegate.swift */,
				D73D76EE21C3F821003EF1F0 /* BuildsViewController.swift */,
				D7C79C4E21C42D74005BAAA5 /* JobsViewController.swift */,
				D73D76FE21C3F853003EF1F0 /* TravisService.swift */,
				D73D76F321C3F822003EF1F0 /* Assets.xcassets */,
				D73D76F521C3F822003EF1F0 /* LaunchScreen.storyboard */,
				D73D76F821C3F822003EF1F0 /* Info.plist */,
			);
			path = BuildTracker;
			sourceTree = "<group>";
		};
		D73D770021C3FB94003EF1F0 /* Frameworks */ = {
			isa = PBXGroup;
			children = (
				D73D770121C3FB94003EF1F0 /* PromiseKit.framework */,
			);
			name = Frameworks;
			sourceTree = "<group>";
		};
/* End PBXGroup section */

/* Begin PBXNativeTarget section */
		D73D76E821C3F821003EF1F0 /* BuildTracker */ = {
			isa = PBXNativeTarget;
			buildConfigurationList = D73D76FB21C3F822003EF1F0 /* Build configuration list for PBXNativeTarget "BuildTracker" */;
			buildPhases = (
				D73D76E521C3F821003EF1F0 /* Sources */,
				D73D76E621C3F821003EF1F0 /* Frameworks */,
				D73D76E721C3F821003EF1F0 /* Resources */,
				D7C79C4D21C400BE005BAAA5 /* Carthage */,
			);
			buildRules = (
			);
			dependencies = (
			);
			name = BuildTracker;
			productName = BuildTracker;
			productReference = D73D76E921C3F821003EF1F0 /* BuildTracker.app */;
			productType = "com.apple.product-type.application";
		};
/* End PBXNativeTarget section */

/* Begin PBXProject section */
		D73D76E121C3F821003EF1F0 /* Project object */ = {
			isa = PBXProject;
			attributes = {
				LastSwiftUpdateCheck = 1010;
				LastUpgradeCheck = 1010;
				ORGANIZATIONNAME = Whitesmith;
				TargetAttributes = {
					D73D76E821C3F821003EF1F0 = {
						CreatedOnToolsVersion = 10.1;
					};
				};
			};
			buildConfigurationList = D73D76E421C3F821003EF1F0 /* Build configuration list for PBXProject "BuildTracker" */;
			compatibilityVersion = "Xcode 9.3";
			developmentRegion = en;
			hasScannedForEncodings = 0;
			knownRegions = (
				en,
				Base,
			);
			mainGroup = D73D76E021C3F821003EF1F0;
			productRefGroup = D73D76EA21C3F821003EF1F0 /* Products */;
			projectDirPath = "";
			projectRoot = "";
			targets = (
				D73D76E821C3F821003EF1F0 /* BuildTracker */,
			);
		};
/* End PBXProject section */

/* Begin PBXResourcesBuildPhase section */
		D73D76E721C3F821003EF1F0 /* Resources */ = {
			isa = PBXResourcesBuildPhase;
			buildActionMask = 2147483647;
			files = (
				D73D76F721C3F822003EF1F0 /* LaunchScreen.storyboard in Resources */,
				D73D76F421C3F822003EF1F0 /* Assets.xcassets in Resources */,
			);
			runOnlyForDeploymentPostprocessing = 0;
		};
/* End PBXResourcesBuildPhase section */

/* Begin PBXShellScriptBuildPhase section */
		D7C79C4D21C400BE005BAAA5 /* Carthage */ = {
			isa = PBXShellScriptBuildPhase;
			buildActionMask = 2147483647;
			files = (
			);
			inputFileListPaths = (
			);
			inputPaths = (
				"$(SRCROOT)/Carthage/Build/iOS/PromiseKit.framework",
			);
			name = Carthage;
			outputFileListPaths = (
			);
			outputPaths = (
				"$(BUILT_PRODUCTS_DIR)/$(FRAMEWORKS_FOLDER_PATH)/PromiseKit.framework",
			);
			runOnlyForDeploymentPostprocessing = 0;
			shellPath = /bin/sh;
			shellScript = "# Type a script or drag a script file from your workspace to insert its path.\n/usr/local/bin/carthage copy-frameworks\n";
		};
/* End PBXShellScriptBuildPhase section */

/* Begin PBXSourcesBuildPhase section */
		D73D76E521C3F821003EF1F0 /* Sources */ = {
			isa = PBXSourcesBuildPhase;
			buildActionMask = 2147483647;
			files = (
				D7C79C4F21C42D74005BAAA5 /* JobsViewController.swift in Sources */,
				D73D76FF21C3F853003EF1F0 /* TravisService.swift in Sources */,
				D73D76EF21C3F821003EF1F0 /* BuildsViewController.swift in Sources */,
				D73D76ED21C3F821003EF1F0 /* AppDelegate.swift in Sources */,
			);
			runOnlyForDeploymentPostprocessing = 0;
		};
/* End PBXSourcesBuildPhase section */

/* Begin PBXVariantGroup section */
		D73D76F521C3F822003EF1F0 /* LaunchScreen.storyboard */ = {
			isa = PBXVariantGroup;
			children = (
				D73D76F621C3F822003EF1F0 /* Base */,
			);
			name = LaunchScreen.storyboard;
			sourceTree = "<group>";
		};
/* End PBXVariantGroup section */

/* Begin XCBuildConfiguration section */
		D73D76F921C3F822003EF1F0 /* Debug */ = {
			isa = XCBuildConfiguration;
			buildSettings = {
				ALWAYS_SEARCH_USER_PATHS = NO;
				CLANG_ANALYZER_NONNULL = YES;
				CLANG_ANALYZER_NUMBER_OBJECT_CONVERSION = YES_AGGRESSIVE;
				CLANG_CXX_LANGUAGE_STANDARD = "gnu++14";
				CLANG_CXX_LIBRARY = "libc++";
				CLANG_ENABLE_MODULES = YES;
				CLANG_ENABLE_OBJC_ARC = YES;
				CLANG_ENABLE_OBJC_WEAK = YES;
				CLANG_WARN_BLOCK_CAPTURE_AUTORELEASING = YES;
				CLANG_WARN_BOOL_CONVERSION = YES;
				CLANG_WARN_COMMA = YES;
				CLANG_WARN_CONSTANT_CONVERSION = YES;
				CLANG_WARN_DEPRECATED_OBJC_IMPLEMENTATIONS = YES;
				CLANG_WARN_DIRECT_OBJC_ISA_USAGE = YES_ERROR;
				CLANG_WARN_DOCUMENTATION_COMMENTS = YES;
				CLANG_WARN_EMPTY_BODY = YES;
				CLANG_WARN_ENUM_CONVERSION = YES;
				CLANG_WARN_INFINITE_RECURSION = YES;
				CLANG_WARN_INT_CONVERSION = YES;
				CLANG_WARN_NON_LITERAL_NULL_CONVERSION = YES;
				CLANG_WARN_OBJC_IMPLICIT_RETAIN_SELF = YES;
				CLANG_WARN_OBJC_LITERAL_CONVERSION = YES;
				CLANG_WARN_OBJC_ROOT_CLASS = YES_ERROR;
				CLANG_WARN_RANGE_LOOP_ANALYSIS = YES;
				CLANG_WARN_STRICT_PROTOTYPES = YES;
				CLANG_WARN_SUSPICIOUS_MOVE = YES;
				CLANG_WARN_UNGUARDED_AVAILABILITY = YES_AGGRESSIVE;
				CLANG_WARN_UNREACHABLE_CODE = YES;
				CLANG_WARN__DUPLICATE_METHOD_MATCH = YES;
				CODE_SIGN_IDENTITY = "iPhone Developer";
				COPY_PHASE_STRIP = NO;
				DEBUG_INFORMATION_FORMAT = dwarf;
				ENABLE_STRICT_OBJC_MSGSEND = YES;
				ENABLE_TESTABILITY = YES;
				GCC_C_LANGUAGE_STANDARD = gnu11;
				GCC_DYNAMIC_NO_PIC = NO;
				GCC_NO_COMMON_BLOCKS = YES;
				GCC_OPTIMIZATION_LEVEL = 0;
				GCC_PREPROCESSOR_DEFINITIONS = (
					"DEBUG=1",
					"$(inherited)",
				);
				GCC_WARN_64_TO_32_BIT_CONVERSION = YES;
				GCC_WARN_ABOUT_RETURN_TYPE = YES_ERROR;
				GCC_WARN_UNDECLARED_SELECTOR = YES;
				GCC_WARN_UNINITIALIZED_AUTOS = YES_AGGRESSIVE;
				GCC_WARN_UNUSED_FUNCTION = YES;
				GCC_WARN_UNUSED_VARIABLE = YES;
				IPHONEOS_DEPLOYMENT_TARGET = 12.1;
				MTL_ENABLE_DEBUG_INFO = INCLUDE_SOURCE;
				MTL_FAST_MATH = YES;
				ONLY_ACTIVE_ARCH = YES;
				SDKROOT = iphoneos;
				SWIFT_ACTIVE_COMPILATION_CONDITIONS = DEBUG;
				SWIFT_OPTIMIZATION_LEVEL = "-Onone";
			};
			name = Debug;
		};
		D73D76FA21C3F822003EF1F0 /* Release */ = {
			isa = XCBuildConfiguration;
			buildSettings = {
				ALWAYS_SEARCH_USER_PATHS = NO;
				CLANG_ANALYZER_NONNULL = YES;
				CLANG_ANALYZER_NUMBER_OBJECT_CONVERSION = YES_AGGRESSIVE;
				CLANG_CXX_LANGUAGE_STANDARD = "gnu++14";
				CLANG_CXX_LIBRARY = "libc++";
				CLANG_ENABLE_MODULES = YES;
				CLANG_ENABLE_OBJC_ARC = YES;
				CLANG_ENABLE_OBJC_WEAK = YES;
				CLANG_WARN_BLOCK_CAPTURE_AUTORELEASING = YES;
				CLANG_WARN_BOOL_CONVERSION = YES;
				CLANG_WARN_COMMA = YES;
				CLANG_WARN_CONSTANT_CONVERSION = YES;
				CLANG_WARN_DEPRECATED_OBJC_IMPLEMENTATIONS = YES;
				CLANG_WARN_DIRECT_OBJC_ISA_USAGE = YES_ERROR;
				CLANG_WARN_DOCUMENTATION_COMMENTS = YES;
				CLANG_WARN_EMPTY_BODY = YES;
				CLANG_WARN_ENUM_CONVERSION = YES;
				CLANG_WARN_INFINITE_RECURSION = YES;
				CLANG_WARN_INT_CONVERSION = YES;
				CLANG_WARN_NON_LITERAL_NULL_CONVERSION = YES;
				CLANG_WARN_OBJC_IMPLICIT_RETAIN_SELF = YES;
				CLANG_WARN_OBJC_LITERAL_CONVERSION = YES;
				CLANG_WARN_OBJC_ROOT_CLASS = YES_ERROR;
				CLANG_WARN_RANGE_LOOP_ANALYSIS = YES;
				CLANG_WARN_STRICT_PROTOTYPES = YES;
				CLANG_WARN_SUSPICIOUS_MOVE = YES;
				CLANG_WARN_UNGUARDED_AVAILABILITY = YES_AGGRESSIVE;
				CLANG_WARN_UNREACHABLE_CODE = YES;
				CLANG_WARN__DUPLICATE_METHOD_MATCH = YES;
				CODE_SIGN_IDENTITY = "iPhone Developer";
				COPY_PHASE_STRIP = NO;
				DEBUG_INFORMATION_FORMAT = "dwarf-with-dsym";
				ENABLE_NS_ASSERTIONS = NO;
				ENABLE_STRICT_OBJC_MSGSEND = YES;
				GCC_C_LANGUAGE_STANDARD = gnu11;
				GCC_NO_COMMON_BLOCKS = YES;
				GCC_WARN_64_TO_32_BIT_CONVERSION = YES;
				GCC_WARN_ABOUT_RETURN_TYPE = YES_ERROR;
				GCC_WARN_UNDECLARED_SELECTOR = YES;
				GCC_WARN_UNINITIALIZED_AUTOS = YES_AGGRESSIVE;
				GCC_WARN_UNUSED_FUNCTION = YES;
				GCC_WARN_UNUSED_VARIABLE = YES;
				IPHONEOS_DEPLOYMENT_TARGET = 12.1;
				MTL_ENABLE_DEBUG_INFO = NO;
				MTL_FAST_MATH = YES;
				SDKROOT = iphoneos;
				SWIFT_COMPILATION_MODE = wholemodule;
				SWIFT_OPTIMIZATION_LEVEL = "-O";
				VALIDATE_PRODUCT = YES;
			};
			name = Release;
		};
		D73D76FC21C3F822003EF1F0 /* Debug */ = {
			isa = XCBuildConfiguration;
			buildSettings = {
				ASSETCATALOG_COMPILER_APPICON_NAME = AppIcon;
				CODE_SIGN_STYLE = Automatic;
				DEVELOPMENT_TEAM = 2E58BZR8M3;
				FRAMEWORK_SEARCH_PATHS = (
					"$(inherited)",
					"$(PROJECT_DIR)/Carthage/Build/iOS",
				);
				INFOPLIST_FILE = BuildTracker/Info.plist;
				IPHONEOS_DEPLOYMENT_TARGET = 11;
				LD_RUNPATH_SEARCH_PATHS = (
					"$(inherited)",
					"@executable_path/Frameworks",
				);
				PRODUCT_BUNDLE_IDENTIFIER = co.whitesmith.BuildTracker;
				PRODUCT_NAME = "$(TARGET_NAME)";
				SWIFT_VERSION = 4.2;
				TARGETED_DEVICE_FAMILY = 1;
			};
			name = Debug;
		};
		D73D76FD21C3F822003EF1F0 /* Release */ = {
			isa = XCBuildConfiguration;
			buildSettings = {
				ASSETCATALOG_COMPILER_APPICON_NAME = AppIcon;
				CODE_SIGN_STYLE = Automatic;
				DEVELOPMENT_TEAM = 2E58BZR8M3;
				FRAMEWORK_SEARCH_PATHS = (
					"$(inherited)",
					"$(PROJECT_DIR)/Carthage/Build/iOS",
				);
				INFOPLIST_FILE = BuildTracker/Info.plist;
				IPHONEOS_DEPLOYMENT_TARGET = 11;
				LD_RUNPATH_SEARCH_PATHS = (
					"$(inherited)",
					"@executable_path/Frameworks",
				);
				PRODUCT_BUNDLE_IDENTIFIER = co.whitesmith.BuildTracker;
				PRODUCT_NAME = "$(TARGET_NAME)";
				SWIFT_VERSION = 4.2;
				TARGETED_DEVICE_FAMILY = 1;
			};
			name = Release;
		};
/* End XCBuildConfiguration section */

/* Begin XCConfigurationList section */
		D73D76E421C3F821003EF1F0 /* Build configuration list for PBXProject "BuildTracker" */ = {
			isa = XCConfigurationList;
			buildConfigurations = (
				D73D76F921C3F822003EF1F0 /* Debug */,
				D73D76FA21C3F822003EF1F0 /* Release */,
			);
			defaultConfigurationIsVisible = 0;
			defaultConfigurationName = Release;
		};
		D73D76FB21C3F822003EF1F0 /* Build configuration list for PBXNativeTarget "BuildTracker" */ = {
			isa = XCConfigurationList;
			buildConfigurations = (
				D73D76FC21C3F822003EF1F0 /* Debug */,
				D73D76FD21C3F822003EF1F0 /* Release */,
			);
			defaultConfigurationIsVisible = 0;
			defaultConfigurationName = Release;
		};
/* End XCConfigurationList section */
	};
	rootObject = D73D76E121C3F821003EF1F0 /* Project object */;
}
